
Microsoft Visual Studio Solution File, Format Version 12.00
# Visual Studio Version 17
VisualStudioVersion = 17.3.32922.545
MinimumVisualStudioVersion = 10.0.40219.1
Project("{FAE04EC0-301F-11D3-BF4B-00C04F79EFBC}") = "diziler1", "diziler1\diziler1.csproj", "{119E510B-11AA-450E-A222-56A92025EE9A}"
EndProject
Project("{FAE04EC0-301F-11D3-BF4B-00C04F79EFBC}") = "diziler2", "diziler2\diziler2.csproj", "{03937D52-1325-43C8-894B-E9D7290793F9}"
EndProject
Project("{FAE04EC0-301F-11D3-BF4B-00C04F79EFBC}") = "döngüler1", "döngüler1\döngüler1.csproj", "{59B46BF7-2D4B-432D-9804-D3DF4F573665}"
EndProject
Project("{FAE04EC0-301F-11D3-BF4B-00C04F79EFBC}") = "diziler3", "diziler3\diziler3.csproj", "{65CA4EDA-0C28-4772-9188-EE125121F6BB}"
EndProject
Global
	GlobalSection(SolutionConfigurationPlatforms) = preSolution
		Debug|Any CPU = Debug|Any CPU
		Release|Any CPU = Release|Any CPU
	EndGlobalSection
	GlobalSection(ProjectConfigurationPlatforms) = postSolution
		{119E510B-11AA-450E-A222-56A92025EE9A}.Debug|Any CPU.ActiveCfg = Debug|Any CPU
		{119E510B-11AA-450E-A222-56A92025EE9A}.Debug|Any CPU.Build.0 = Debug|Any CPU
		{119E510B-11AA-450E-A222-56A92025EE9A}.Release|Any CPU.ActiveCfg = Release|Any CPU
		{119E510B-11AA-450E-A222-56A92025EE9A}.Release|Any CPU.Build.0 = Release|Any CPU
		{03937D52-1325-43C8-894B-E9D7290793F9}.Debug|Any CPU.ActiveCfg = Debug|Any CPU
		{03937D52-1325-43C8-894B-E9D7290793F9}.Debug|Any CPU.Build.0 = Debug|Any CPU
		{03937D52-1325-43C8-894B-E9D7290793F9}.Release|Any CPU.ActiveCfg = Release|Any CPU
		{03937D52-1325-43C8-894B-E9D7290793F9}.Release|Any CPU.Build.0 = Release|Any CPU
		{59B46BF7-2D4B-432D-9804-D3DF4F573665}.Debug|Any CPU.ActiveCfg = Debug|Any CPU
		{59B46BF7-2D4B-432D-9804-D3DF4F573665}.Debug|Any CPU.Build.0 = Debug|Any CPU
		{59B46BF7-2D4B-432D-9804-D3DF4F573665}.Release|Any CPU.ActiveCfg = Release|Any CPU
		{59B46BF7-2D4B-432D-9804-D3DF4F573665}.Release|Any CPU.Build.0 = Release|Any CPU
		{65CA4EDA-0C28-4772-9188-EE125121F6BB}.Debug|Any CPU.ActiveCfg = Debug|Any CPU
		{65CA4EDA-0C28-4772-9188-EE125121F6BB}.Debug|Any CPU.Build.0 = Debug|Any CPU
		{65CA4EDA-0C28-4772-9188-EE125121F6BB}.Release|Any CPU.ActiveCfg = Release|Any CPU
		{65CA4EDA-0C28-4772-9188-EE125121F6BB}.Release|Any CPU.Build.0 = Release|Any CPU
	EndGlobalSection
	GlobalSection(SolutionProperties) = preSolution
		HideSolutionNode = FALSE
	EndGlobalSection
	GlobalSection(ExtensibilityGlobals) = postSolution
		SolutionGuid = {1F74AEC3-502B-4A1D-8C38-B9C827DBA5C0}
	EndGlobalSection
EndGlobal
